{
  "name": "babel-vs-meriyah",
  "version": "1.0.0",
  "lockfileVersion": 3,
  "requires": true,
  "packages": {
    "": {
      "name": "babel-vs-meriyah",
      "version": "1.0.0",
      "license": "MIT",
      "devDependencies": {
        "@babel/parser": "7.23.4",
        "meriyah": "4.3.8"
      }
    },
    "node_modules/@babel/parser": {
      "version": "7.23.4",
      "resolved": "https://registry.npmjs.org/@babel/parser/-/parser-7.23.4.tgz",
      "integrity": "sha512-vf3Xna6UEprW+7t6EtOmFpHNAuxw3xqPZghy+brsnusscJRW5BMUzzHZc5ICjULee81WeUV2jjakG09MDglJXQ==",
      "dev": true,
      "bin": {
        "parser": "bin/babel-parser.js"
      },
      "engines": {
        "node": ">=6.0.0"
      }
    },
    "node_modules/meriyah": {
      "version": "4.3.8",
      "resolved": "https://registry.npmjs.org/meriyah/-/meriyah-4.3.8.tgz",
      "integrity": "sha512-b1bddpQZK3FVr/x6KISsfNQdS9jVNgVuFDRi7I9AJbYVggdcA6ij9idboD0aW5ZYELsDMOubi58SDfsW81VakA==",
      "dev": true,
      "engines": {
        "node": ">=10.4.0"
      }
    }
  }
}
